
Microsoft Visual Studio Solution File, Format Version 12.00
# Visual Studio Version 17
VisualStudioVersion = 17.13.35825.156 d17.13
MinimumVisualStudioVersion = 10.0.40219.1
Project("{FAE04EC0-301F-11D3-BF4B-00C04F79EFBC}") = "WindowsFormsApp1", "WindowsFormsApp1\WindowsFormsApp1.csproj", "{C54DDD5F-ED15-4652-92AB-5D96F05EE791}"
EndProject
Global
	GlobalSection(SolutionConfigurationPlatforms) = preSolution
		Debug|Any CPU = Debug|Any CPU
		Release|Any CPU = Release|Any CPU
	EndGlobalSection
	GlobalSection(ProjectConfigurationPlatforms) = postSolution
		{C54DDD5F-ED15-4652-92AB-5D96F05EE791}.Debug|Any CPU.ActiveCfg = Debug|Any CPU
		{C54DDD5F-ED15-4652-92AB-5D96F05EE791}.Debug|Any CPU.Build.0 = Debug|Any CPU
		{C54DDD5F-ED15-4652-92AB-5D96F05EE791}.Release|Any CPU.ActiveCfg = Release|Any CPU
		{C54DDD5F-ED15-4652-92AB-5D96F05EE791}.Release|Any CPU.Build.0 = Release|Any CPU
	EndGlobalSection
	GlobalSection(SolutionProperties) = preSolution
		HideSolutionNode = FALSE
	EndGlobalSection
	GlobalSection(ExtensibilityGlobals) = postSolution
		SolutionGuid = {D68F1C88-3F48-42C2-BF3F-34AA5AA83B95}
	EndGlobalSection
EndGlobal
